{
  "nodes": {
    "crane": {
      "inputs": {
        "nixpkgs": [
          "nixpkgs"
        ]
      },
      "locked": {
        "lastModified": 1719685792,
        "narHash": "sha256-WIoVERD4AN6CmfGSRPy3mfPx2dDbRHgzP2V8z6aNbaY=",
        "owner": "ipetkov",
        "repo": "crane",
        "rev": "aa5dcd0518a422dfd545d565f0d5a25971fea52a",
        "type": "github"
      },
      "original": {
        "owner": "ipetkov",
        "repo": "crane",
        "type": "github"
      }
    },
    "fenix": {
      "inputs": {
        "nixpkgs": [
          "nixpkgs"
        ],
        "rust-analyzer-src": []
      },
      "locked": {
        "lastModified": 1719815435,
        "narHash": "sha256-K2xFp142onP35jcx7li10xUxNVEVRWjAdY8DSuR7Naw=",
        "owner": "nix-community",
        "repo": "fenix",
        "rev": "ebfe2c639111d7e82972a12711206afaeeda2450",
        "type": "github"
      },
      "original": {
        "owner": "nix-community",
        "repo": "fenix",
        "type": "github"
      }
    },
    "flake-utils": {
      "inputs": {
        "systems": "systems"
      },
      "locked": {
        "lastModified": 1710146030,
        "narHash": "sha256-SZ5L6eA7HJ/nmkzGG7/ISclqe6oZdOZTNoesiInkXPQ=",
        "owner": "numtide",
        "repo": "flake-utils",
        "rev": "b1d9ab70662946ef0850d488da1c9019f3a9752a",
        "type": "github"
      },
      "original": {
        "owner": "numtide",
        "repo": "flake-utils",
        "type": "github"
      }
    },
    "lasr": {
      "flake": false,
      "locked": {
        "lastModified": 1719421279,
        "narHash": "sha256-fvh/FViPy5ki1LZtMllagCZ1kgedaNcZFNuadg+zpNg=",
        "owner": "versatus",
        "repo": "lasr",
        "rev": "f054cbab0afb9b827d725d1932057cda3b16c5f2",
        "type": "github"
      },
      "original": {
        "owner": "versatus",
        "repo": "lasr",
        "type": "github"
      }
    },
    "nixpkgs": {
      "locked": {
        "lastModified": 1719826879,
        "narHash": "sha256-xs7PlULe8O1SAcs/9e/HOjeUjBrU5FNtkAF/bSEcFto=",
        "owner": "NixOS",
        "repo": "nixpkgs",
        "rev": "b9014df496d5b68bf7c0145d0e9b0f529ce4f2a8",
        "type": "github"
      },
      "original": {
        "owner": "NixOS",
        "ref": "nixpkgs-unstable",
        "repo": "nixpkgs",
        "type": "github"
      }
    },
    "root": {
      "inputs": {
        "crane": "crane",
        "fenix": "fenix",
        "flake-utils": "flake-utils",
        "lasr": "lasr",
        "nixpkgs": "nixpkgs",
        "versatus": "versatus"
      }
    },
    "systems": {
      "locked": {
        "lastModified": 1681028828,
        "narHash": "sha256-Vy1rq5AaRuLzOxct8nz4T6wlgyUR7zLU309k9mBC768=",
        "owner": "nix-systems",
        "repo": "default",
        "rev": "da67096a3b9bf56a91d16901293e51ba5b49a27e",
        "type": "github"
      },
      "original": {
        "owner": "nix-systems",
        "repo": "default",
        "type": "github"
      }
    },
    "versatus": {
      "flake": false,
      "locked": {
        "lastModified": 1717000637,
        "narHash": "sha256-oCKOYZPSGT+Hbp/IoyzeEzPwBkogkYIJA+Eu8IXhGMY=",
        "owner": "versatus",
        "repo": "versatus",
        "rev": "217a0e73fa9284286e1482d50c2af260ada4f51c",
        "type": "github"
      },
      "original": {
        "owner": "versatus",
        "repo": "versatus",
        "type": "github"
      }
    }
  },
  "root": "root",
  "version": 7
}
