{
  "nodes": {
    "crane": {
      "inputs": {
        "nixpkgs": [
          "nixpkgs"
        ]
      },
      "locked": {
        "lastModified": 1716156051,
        "narHash": "sha256-TjUX7WWRcrhuUxDHsR8pDR2N7jitqZehgCVSy3kBeS8=",
        "owner": "ipetkov",
        "repo": "crane",
        "rev": "7443df1c478947bf96a2e699209f53b2db26209d",
        "type": "github"
      },
      "original": {
        "owner": "ipetkov",
        "repo": "crane",
        "type": "github"
      }
    },
    "disko": {
      "inputs": {
        "nixpkgs": [
          "nixpkgs"
        ]
      },
      "locked": {
        "lastModified": 1716431128,
        "narHash": "sha256-t3T8HlX3udO6f4ilLcN+j5eC3m2gqsouzSGiriKK6vk=",
        "owner": "nix-community",
        "repo": "disko",
        "rev": "7ffc4354dfeb37c8c725ae1465f04a9b45ec8606",
        "type": "github"
      },
      "original": {
        "owner": "nix-community",
        "repo": "disko",
        "type": "github"
      }
    },
    "fenix": {
      "inputs": {
        "nixpkgs": [
          "nixpkgs"
        ],
        "rust-analyzer-src": []
      },
      "locked": {
        "lastModified": 1716359173,
        "narHash": "sha256-pYcjP6Gy7i6jPWrjiWAVV0BCQp+DdmGaI/k65lBb/kM=",
        "owner": "nix-community",
        "repo": "fenix",
        "rev": "b6fc5035b28e36a98370d0eac44f4ef3fd323df6",
        "type": "github"
      },
      "original": {
        "owner": "nix-community",
        "repo": "fenix",
        "type": "github"
      }
    },
    "flake-utils": {
      "inputs": {
        "systems": "systems"
      },
      "locked": {
        "lastModified": 1710146030,
        "narHash": "sha256-SZ5L6eA7HJ/nmkzGG7/ISclqe6oZdOZTNoesiInkXPQ=",
        "owner": "numtide",
        "repo": "flake-utils",
        "rev": "b1d9ab70662946ef0850d488da1c9019f3a9752a",
        "type": "github"
      },
      "original": {
        "owner": "numtide",
        "repo": "flake-utils",
        "type": "github"
      }
    },
    "lasr": {
      "flake": false,
      "locked": {
        "lastModified": 1715976987,
        "narHash": "sha256-2J8ccxKYLlYesEWPoKoUR78bJKH7h2Z7iBVPPdGWaRA=",
        "owner": "versatus",
        "repo": "lasr",
        "rev": "46cf0e5b1b7c62a28468d2e73b8583c070917971",
        "type": "github"
      },
      "original": {
        "owner": "versatus",
        "repo": "lasr",
        "type": "github"
      }
    },
    "nixpkgs": {
      "locked": {
        "lastModified": 1716358718,
        "narHash": "sha256-NQbegJb2ZZnAqp2EJhWwTf6DrZXSpA6xZCEq+RGV1r0=",
        "owner": "NixOS",
        "repo": "nixpkgs",
        "rev": "3f316d2a50699a78afe5e77ca486ad553169061e",
        "type": "github"
      },
      "original": {
        "owner": "NixOS",
        "ref": "nixpkgs-unstable",
        "repo": "nixpkgs",
        "type": "github"
      }
    },
    "root": {
      "inputs": {
        "crane": "crane",
        "disko": "disko",
        "fenix": "fenix",
        "flake-utils": "flake-utils",
        "lasr": "lasr",
        "nixpkgs": "nixpkgs",
        "versatus": "versatus"
      }
    },
    "systems": {
      "locked": {
        "lastModified": 1681028828,
        "narHash": "sha256-Vy1rq5AaRuLzOxct8nz4T6wlgyUR7zLU309k9mBC768=",
        "owner": "nix-systems",
        "repo": "default",
        "rev": "da67096a3b9bf56a91d16901293e51ba5b49a27e",
        "type": "github"
      },
      "original": {
        "owner": "nix-systems",
        "repo": "default",
        "type": "github"
      }
    },
    "versatus": {
      "flake": false,
      "locked": {
        "lastModified": 1710439957,
        "narHash": "sha256-cMbBxs+2mxRs2MN0/gXc1Nn9axNMdwqmc4gua4oJsLk=",
        "owner": "versatus",
        "repo": "versatus",
        "rev": "ef8475acbc905d4a48679330f4bb346c12fe07e5",
        "type": "github"
      },
      "original": {
        "owner": "versatus",
        "repo": "versatus",
        "type": "github"
      }
    }
  },
  "root": "root",
  "version": 7
}
